
Microsoft Visual Studio Solution File, Format Version 12.00
# Visual Studio Version 17
VisualStudioVersion = 17.11.35327.3
MinimumVisualStudioVersion = 10.0.40219.1
Project("{FAE04EC0-301F-11D3-BF4B-00C04F79EFBC}") = "ASP.NET_Web_Tutorial", "ASP.NET_Web_Tutorial.csproj", "{8113632C-0271-49BE-8DE9-AC8E65158EA8}"
EndProject
Global
	GlobalSection(SolutionConfigurationPlatforms) = preSolution
		Debug|Any CPU = Debug|Any CPU
		Release|Any CPU = Release|Any CPU
	EndGlobalSection
	GlobalSection(ProjectConfigurationPlatforms) = postSolution
		{8113632C-0271-49BE-8DE9-AC8E65158EA8}.Debug|Any CPU.ActiveCfg = Debug|Any CPU
		{8113632C-0271-49BE-8DE9-AC8E65158EA8}.Debug|Any CPU.Build.0 = Debug|Any CPU
		{8113632C-0271-49BE-8DE9-AC8E65158EA8}.Release|Any CPU.ActiveCfg = Release|Any CPU
		{8113632C-0271-49BE-8DE9-AC8E65158EA8}.Release|Any CPU.Build.0 = Release|Any CPU
	EndGlobalSection
	GlobalSection(SolutionProperties) = preSolution
		HideSolutionNode = FALSE
	EndGlobalSection
	GlobalSection(ExtensibilityGlobals) = postSolution
		SolutionGuid = {F2718530-F3F0-45CA-9710-B7C6502FF7BF}
	EndGlobalSection
EndGlobal
